// !$*UTF8*$!
{
	archiveVersion = 1;
	classes = {
	};
	objectVersion = 46;
	objects = {

/* Begin PBXBuildFile section */
		645122FB154880FD00025F11 /* Foundation.framework in Frameworks */ = {isa = PBXBuildFile; fileRef = 645122FA154880FD00025F11 /* Foundation.framework */; };
		645122FD154880FD00025F11 /* UIKit.framework in Frameworks */ = {isa = PBXBuildFile; fileRef = 645122FC154880FD00025F11 /* UIKit.framework */; };
		645122FF154880FD00025F11 /* CoreGraphics.framework in Frameworks */ = {isa = PBXBuildFile; fileRef = 645122FE154880FD00025F11 /* CoreGraphics.framework */; };
		64512301154880FD00025F11 /* AddressBook.framework in Frameworks */ = {isa = PBXBuildFile; fileRef = 64512300154880FD00025F11 /* AddressBook.framework */; };
		64512303154880FD00025F11 /* AddressBookUI.framework in Frameworks */ = {isa = PBXBuildFile; fileRef = 64512302154880FD00025F11 /* AddressBookUI.framework */; };
		64512305154880FD00025F11 /* AudioToolbox.framework in Frameworks */ = {isa = PBXBuildFile; fileRef = 64512304154880FD00025F11 /* AudioToolbox.framework */; };
		64512307154880FD00025F11 /* AVFoundation.framework in Frameworks */ = {isa = PBXBuildFile; fileRef = 64512306154880FD00025F11 /* AVFoundation.framework */; };
		64512309154880FD00025F11 /* CoreLocation.framework in Frameworks */ = {isa = PBXBuildFile; fileRef = 64512308154880FD00025F11 /* CoreLocation.framework */; };
		6451230B154880FD00025F11 /* MediaPlayer.framework in Frameworks */ = {isa = PBXBuildFile; fileRef = 6451230A154880FD00025F11 /* MediaPlayer.framework */; };
		6451230D154880FD00025F11 /* QuartzCore.framework in Frameworks */ = {isa = PBXBuildFile; fileRef = 6451230C154880FD00025F11 /* QuartzCore.framework */; };
		6451230F154880FD00025F11 /* SystemConfiguration.framework in Frameworks */ = {isa = PBXBuildFile; fileRef = 6451230E154880FD00025F11 /* SystemConfiguration.framework */; };
		64512311154880FD00025F11 /* MobileCoreServices.framework in Frameworks */ = {isa = PBXBuildFile; fileRef = 64512310154880FD00025F11 /* MobileCoreServices.framework */; };
		64512313154880FD00025F11 /* CoreMedia.framework in Frameworks */ = {isa = PBXBuildFile; fileRef = 64512312154880FD00025F11 /* CoreMedia.framework */; };
		64512319154880FD00025F11 /* InfoPlist.strings in Resources */ = {isa = PBXBuildFile; fileRef = 64512317154880FD00025F11 /* InfoPlist.strings */; };
		6451231B154880FD00025F11 /* main.m in Sources */ = {isa = PBXBuildFile; fileRef = 6451231A154880FD00025F11 /* main.m */; };
		6451231E154880FD00025F11 /* Cordova.framework in Frameworks */ = {isa = PBXBuildFile; fileRef = 6451231D154880FD00025F11 /* Cordova.framework */; };
		64512323154880FD00025F11 /* Localizable.strings in Resources */ = {isa = PBXBuildFile; fileRef = 64512321154880FD00025F11 /* Localizable.strings */; };
		64512332154880FD00025F11 /* icon.png in Resources */ = {isa = PBXBuildFile; fileRef = 64512331154880FD00025F11 /* icon.png */; };
		64512334154880FD00025F11 /* icon@2x.png in Resources */ = {isa = PBXBuildFile; fileRef = 64512333154880FD00025F11 /* icon@2x.png */; };
		64512339154880FD00025F11 /* Default.png in Resources */ = {isa = PBXBuildFile; fileRef = 64512338154880FD00025F11 /* Default.png */; };
		6451233B154880FD00025F11 /* Default@2x.png in Resources */ = {isa = PBXBuildFile; fileRef = 6451233A154880FD00025F11 /* Default@2x.png */; };
		6451233D154880FD00025F11 /* Capture.bundle in Resources */ = {isa = PBXBuildFile; fileRef = 6451233C154880FD00025F11 /* Capture.bundle */; };
		6451233F154880FD00025F11 /* Cordova.plist in Resources */ = {isa = PBXBuildFile; fileRef = 6451233E154880FD00025F11 /* Cordova.plist */; };
		64512346154880FE00025F11 /* MainViewController.m in Sources */ = {isa = PBXBuildFile; fileRef = 64512345154880FE00025F11 /* MainViewController.m */; };
		64512348154880FE00025F11 /* MainViewController.xib in Resources */ = {isa = PBXBuildFile; fileRef = 64512347154880FE00025F11 /* MainViewController.xib */; };
		6451234C154880FE00025F11 /* verify.sh in Resources */ = {isa = PBXBuildFile; fileRef = 6451234B154880FE00025F11 /* verify.sh */; };
		6451235D1548817000025F11 /* www in Resources */ = {isa = PBXBuildFile; fileRef = 6451235C1548817000025F11 /* www */; };
		645123DF1548834300025F11 /* ChildBrowser.bundle in Resources */ = {isa = PBXBuildFile; fileRef = 645123D61548834300025F11 /* ChildBrowser.bundle */; };
		645123E01548834300025F11 /* ChildBrowserCommand.m in Sources */ = {isa = PBXBuildFile; fileRef = 645123D81548834300025F11 /* ChildBrowserCommand.m */; };
		645123E11548834300025F11 /* ChildBrowserViewController.m in Sources */ = {isa = PBXBuildFile; fileRef = 645123DA1548834300025F11 /* ChildBrowserViewController.m */; };
		645123E21548834300025F11 /* ChildBrowserViewController.xib in Resources */ = {isa = PBXBuildFile; fileRef = 645123DB1548834300025F11 /* ChildBrowserViewController.xib */; };
		645123E31548834300025F11 /* PushNotification.m in Sources */ = {isa = PBXBuildFile; fileRef = 645123DE1548834300025F11 /* PushNotification.m */; };
		645123E61548835400025F11 /* TouraAppDelegate.m in Sources */ = {isa = PBXBuildFile; fileRef = 645123E51548835400025F11 /* TouraAppDelegate.m */; };
		645123E81548835F00025F11 /* UrbanAirship.plist in Resources */ = {isa = PBXBuildFile; fileRef = 645123E71548835F00025F11 /* UrbanAirship.plist */; };
		6491114D1564058A00357F2E /* libsqlite3.0.dylib in Frameworks */ = {isa = PBXBuildFile; fileRef = 6491114C1564058A00357F2E /* libsqlite3.0.dylib */; };
		649111921564496100357F2E /* CFNetwork.framework in Frameworks */ = {isa = PBXBuildFile; fileRef = 649111911564496100357F2E /* CFNetwork.framework */; };
		649111A915644CF600357F2E /* GoogleAnalyticsPlugin.m in Sources */ = {isa = PBXBuildFile; fileRef = 649111A315644CF600357F2E /* GoogleAnalyticsPlugin.m */; };
		649111AA15644CF600357F2E /* libGoogleAnalytics.a in Frameworks */ = {isa = PBXBuildFile; fileRef = 649111A615644CF600357F2E /* libGoogleAnalytics.a */; };
		649111AB15644CF600357F2E /* README.md in Resources */ = {isa = PBXBuildFile; fileRef = 649111A715644CF600357F2E /* README.md */; };
		8378B9C915D01FE900CE4BE4 /* AdMobController.m in Sources */ = {isa = PBXBuildFile; fileRef = 8378B9C815D01FE900CE4BE4 /* AdMobController.m */; };
		8378B9D415D0264E00CE4BE4 /* libGoogleAdMobAds.a in Frameworks */ = {isa = PBXBuildFile; fileRef = 8378B9D315D0264E00CE4BE4 /* libGoogleAdMobAds.a */; };
		8399DC1915CC717500A74335 /* MessageUI.framework in Frameworks */ = {isa = PBXBuildFile; fileRef = 8399DC1815CC717500A74335 /* MessageUI.framework */; };
/* End PBXBuildFile section */

/* Begin PBXFileReference section */
		645122F6154880FD00025F11 /* Toura.app */ = {isa = PBXFileReference; explicitFileType = wrapper.application; includeInIndex = 0; path = Toura.app; sourceTree = BUILT_PRODUCTS_DIR; };
		645122FA154880FD00025F11 /* Foundation.framework */ = {isa = PBXFileReference; lastKnownFileType = wrapper.framework; name = Foundation.framework; path = System/Library/Frameworks/Foundation.framework; sourceTree = SDKROOT; };
		645122FC154880FD00025F11 /* UIKit.framework */ = {isa = PBXFileReference; lastKnownFileType = wrapper.framework; name = UIKit.framework; path = System/Library/Frameworks/UIKit.framework; sourceTree = SDKROOT; };
		645122FE154880FD00025F11 /* CoreGraphics.framework */ = {isa = PBXFileReference; lastKnownFileType = wrapper.framework; name = CoreGraphics.framework; path = System/Library/Frameworks/CoreGraphics.framework; sourceTree = SDKROOT; };
		64512300154880FD00025F11 /* AddressBook.framework */ = {isa = PBXFileReference; lastKnownFileType = wrapper.framework; name = AddressBook.framework; path = System/Library/Frameworks/AddressBook.framework; sourceTree = SDKROOT; };
		64512302154880FD00025F11 /* AddressBookUI.framework */ = {isa = PBXFileReference; lastKnownFileType = wrapper.framework; name = AddressBookUI.framework; path = System/Library/Frameworks/AddressBookUI.framework; sourceTree = SDKROOT; };
		64512304154880FD00025F11 /* AudioToolbox.framework */ = {isa = PBXFileReference; lastKnownFileType = wrapper.framework; name = AudioToolbox.framework; path = System/Library/Frameworks/AudioToolbox.framework; sourceTree = SDKROOT; };
		64512306154880FD00025F11 /* AVFoundation.framework */ = {isa = PBXFileReference; lastKnownFileType = wrapper.framework; name = AVFoundation.framework; path = System/Library/Frameworks/AVFoundation.framework; sourceTree = SDKROOT; };
		64512308154880FD00025F11 /* CoreLocation.framework */ = {isa = PBXFileReference; lastKnownFileType = wrapper.framework; name = CoreLocation.framework; path = System/Library/Frameworks/CoreLocation.framework; sourceTree = SDKROOT; };
		6451230A154880FD00025F11 /* MediaPlayer.framework */ = {isa = PBXFileReference; lastKnownFileType = wrapper.framework; name = MediaPlayer.framework; path = System/Library/Frameworks/MediaPlayer.framework; sourceTree = SDKROOT; };
		6451230C154880FD00025F11 /* QuartzCore.framework */ = {isa = PBXFileReference; lastKnownFileType = wrapper.framework; name = QuartzCore.framework; path = System/Library/Frameworks/QuartzCore.framework; sourceTree = SDKROOT; };
		6451230E154880FD00025F11 /* SystemConfiguration.framework */ = {isa = PBXFileReference; lastKnownFileType = wrapper.framework; name = SystemConfiguration.framework; path = System/Library/Frameworks/SystemConfiguration.framework; sourceTree = SDKROOT; };
		64512310154880FD00025F11 /* MobileCoreServices.framework */ = {isa = PBXFileReference; lastKnownFileType = wrapper.framework; name = MobileCoreServices.framework; path = System/Library/Frameworks/MobileCoreServices.framework; sourceTree = SDKROOT; };
		64512312154880FD00025F11 /* CoreMedia.framework */ = {isa = PBXFileReference; lastKnownFileType = wrapper.framework; name = CoreMedia.framework; path = System/Library/Frameworks/CoreMedia.framework; sourceTree = SDKROOT; };
		64512318154880FD00025F11 /* en */ = {isa = PBXFileReference; lastKnownFileType = text.plist.strings; name = en; path = en.lproj/InfoPlist.strings; sourceTree = "<group>"; };
		6451231A154880FD00025F11 /* main.m */ = {isa = PBXFileReference; lastKnownFileType = sourcecode.c.objc; path = main.m; sourceTree = "<group>"; };
		6451231C154880FD00025F11 /* Toura-Prefix.pch */ = {isa = PBXFileReference; lastKnownFileType = sourcecode.c.h; path = "Toura-Prefix.pch"; sourceTree = "<group>"; };
		6451231D154880FD00025F11 /* Cordova.framework */ = {isa = PBXFileReference; lastKnownFileType = wrapper.framework; name = Cordova.framework; path = /Users/Shared/Cordova/Frameworks/Cordova.framework; sourceTree = "<absolute>"; };
		64512322154880FD00025F11 /* en */ = {isa = PBXFileReference; lastKnownFileType = text.plist.strings; name = en; path = Resources/en.lproj/Localizable.strings; sourceTree = "<group>"; };
		64512331154880FD00025F11 /* icon.png */ = {isa = PBXFileReference; lastKnownFileType = image.png; name = icon.png; path = Resources/icons/icon.png; sourceTree = "<group>"; };
		64512333154880FD00025F11 /* icon@2x.png */ = {isa = PBXFileReference; lastKnownFileType = image.png; name = "icon@2x.png"; path = "Resources/icons/icon@2x.png"; sourceTree = "<group>"; };
		64512338154880FD00025F11 /* Default.png */ = {isa = PBXFileReference; lastKnownFileType = image.png; name = Default.png; path = Resources/splash/Default.png; sourceTree = "<group>"; };
		6451233A154880FD00025F11 /* Default@2x.png */ = {isa = PBXFileReference; lastKnownFileType = image.png; name = "Default@2x.png"; path = "Resources/splash/Default@2x.png"; sourceTree = "<group>"; };
		6451233C154880FD00025F11 /* Capture.bundle */ = {isa = PBXFileReference; lastKnownFileType = "wrapper.plug-in"; name = Capture.bundle; path = Resources/Capture.bundle; sourceTree = "<group>"; };
		6451233E154880FD00025F11 /* Cordova.plist */ = {isa = PBXFileReference; lastKnownFileType = text.plist.xml; path = Cordova.plist; sourceTree = "<group>"; };
		64512344154880FD00025F11 /* MainViewController.h */ = {isa = PBXFileReference; lastKnownFileType = sourcecode.c.h; name = MainViewController.h; path = Classes/MainViewController.h; sourceTree = "<group>"; };
		64512345154880FE00025F11 /* MainViewController.m */ = {isa = PBXFileReference; lastKnownFileType = sourcecode.c.objc; name = MainViewController.m; path = Classes/MainViewController.m; sourceTree = "<group>"; };
		64512347154880FE00025F11 /* MainViewController.xib */ = {isa = PBXFileReference; lastKnownFileType = file.xib; name = MainViewController.xib; path = Classes/MainViewController.xib; sourceTree = "<group>"; };
		6451234A154880FE00025F11 /* README */ = {isa = PBXFileReference; lastKnownFileType = text; name = README; path = Plugins/README; sourceTree = "<group>"; };
		6451234B154880FE00025F11 /* verify.sh */ = {isa = PBXFileReference; lastKnownFileType = text.script.sh; path = verify.sh; sourceTree = "<group>"; };
		6451235C1548817000025F11 /* www */ = {isa = PBXFileReference; lastKnownFileType = folder; path = www; sourceTree = "<group>"; };
		645123D61548834300025F11 /* ChildBrowser.bundle */ = {isa = PBXFileReference; lastKnownFileType = "wrapper.plug-in"; name = ChildBrowser.bundle; path = Plugins/ChildBrowser.bundle; sourceTree = "<group>"; };
		645123D71548834300025F11 /* ChildBrowserCommand.h */ = {isa = PBXFileReference; fileEncoding = 4; lastKnownFileType = sourcecode.c.h; name = ChildBrowserCommand.h; path = Plugins/ChildBrowserCommand.h; sourceTree = "<group>"; };
		645123D81548834300025F11 /* ChildBrowserCommand.m */ = {isa = PBXFileReference; fileEncoding = 4; lastKnownFileType = sourcecode.c.objc; name = ChildBrowserCommand.m; path = Plugins/ChildBrowserCommand.m; sourceTree = "<group>"; };
		645123D91548834300025F11 /* ChildBrowserViewController.h */ = {isa = PBXFileReference; fileEncoding = 4; lastKnownFileType = sourcecode.c.h; name = ChildBrowserViewController.h; path = Plugins/ChildBrowserViewController.h; sourceTree = "<group>"; };
		645123DA1548834300025F11 /* ChildBrowserViewController.m */ = {isa = PBXFileReference; fileEncoding = 4; lastKnownFileType = sourcecode.c.objc; name = ChildBrowserViewController.m; path = Plugins/ChildBrowserViewController.m; sourceTree = "<group>"; };
		645123DB1548834300025F11 /* ChildBrowserViewController.xib */ = {isa = PBXFileReference; fileEncoding = 4; lastKnownFileType = file.xib; name = ChildBrowserViewController.xib; path = Plugins/ChildBrowserViewController.xib; sourceTree = "<group>"; };
		645123DD1548834300025F11 /* PushNotification.h */ = {isa = PBXFileReference; fileEncoding = 4; lastKnownFileType = sourcecode.c.h; path = PushNotification.h; sourceTree = "<group>"; };
		645123DE1548834300025F11 /* PushNotification.m */ = {isa = PBXFileReference; fileEncoding = 4; lastKnownFileType = sourcecode.c.objc; path = PushNotification.m; sourceTree = "<group>"; };
		645123E41548835400025F11 /* TouraAppDelegate.h */ = {isa = PBXFileReference; fileEncoding = 4; lastKnownFileType = sourcecode.c.h; name = TouraAppDelegate.h; path = Classes/TouraAppDelegate.h; sourceTree = "<group>"; };
		645123E51548835400025F11 /* TouraAppDelegate.m */ = {isa = PBXFileReference; fileEncoding = 4; lastKnownFileType = sourcecode.c.objc; name = TouraAppDelegate.m; path = Classes/TouraAppDelegate.m; sourceTree = "<group>"; };
		645123E71548835F00025F11 /* UrbanAirship.plist */ = {isa = PBXFileReference; fileEncoding = 4; lastKnownFileType = text.plist.xml; path = UrbanAirship.plist; sourceTree = "<group>"; };
		6491114C1564058A00357F2E /* libsqlite3.0.dylib */ = {isa = PBXFileReference; lastKnownFileType = "compiled.mach-o.dylib"; name = libsqlite3.0.dylib; path = usr/lib/libsqlite3.0.dylib; sourceTree = SDKROOT; };
		649111911564496100357F2E /* CFNetwork.framework */ = {isa = PBXFileReference; lastKnownFileType = wrapper.framework; name = CFNetwork.framework; path = /System/Library/Frameworks/CoreServices.framework/Versions/A/Frameworks/CFNetwork.framework; sourceTree = "<absolute>"; };
		649111A115644CF600357F2E /* GoogleAnalyticsPlugin.h */ = {isa = PBXFileReference; fileEncoding = 4; lastKnownFileType = sourcecode.c.h; path = GoogleAnalyticsPlugin.h; sourceTree = "<group>"; };
		649111A315644CF600357F2E /* GoogleAnalyticsPlugin.m */ = {isa = PBXFileReference; fileEncoding = 4; lastKnownFileType = sourcecode.c.objc; path = GoogleAnalyticsPlugin.m; sourceTree = "<group>"; };
		649111A515644CF600357F2E /* GANTracker.h */ = {isa = PBXFileReference; fileEncoding = 4; lastKnownFileType = sourcecode.c.h; path = GANTracker.h; sourceTree = "<group>"; };
		649111A615644CF600357F2E /* libGoogleAnalytics.a */ = {isa = PBXFileReference; lastKnownFileType = archive.ar; path = libGoogleAnalytics.a; sourceTree = "<group>"; };
		649111A715644CF600357F2E /* README.md */ = {isa = PBXFileReference; fileEncoding = 4; lastKnownFileType = text; path = README.md; sourceTree = "<group>"; };
		8378B9C715D01FE900CE4BE4 /* AdMobController.h */ = {isa = PBXFileReference; fileEncoding = 4; lastKnownFileType = sourcecode.c.h; path = AdMobController.h; sourceTree = "<group>"; };
		8378B9C815D01FE900CE4BE4 /* AdMobController.m */ = {isa = PBXFileReference; fileEncoding = 4; lastKnownFileType = sourcecode.c.objc; path = AdMobController.m; sourceTree = "<group>"; };
		8378B9CA15D0250400CE4BE4 /* GADAdMobExtras.h */ = {isa = PBXFileReference; fileEncoding = 4; lastKnownFileType = sourcecode.c.h; path = GADAdMobExtras.h; sourceTree = "<group>"; };
		8378B9CB15D0250400CE4BE4 /* GADAdNetworkExtras.h */ = {isa = PBXFileReference; fileEncoding = 4; lastKnownFileType = sourcecode.c.h; path = GADAdNetworkExtras.h; sourceTree = "<group>"; };
		8378B9CC15D0250400CE4BE4 /* GADAdSize.h */ = {isa = PBXFileReference; fileEncoding = 4; lastKnownFileType = sourcecode.c.h; path = GADAdSize.h; sourceTree = "<group>"; };
		8378B9CD15D0250400CE4BE4 /* GADBannerView.h */ = {isa = PBXFileReference; fileEncoding = 4; lastKnownFileType = sourcecode.c.h; path = GADBannerView.h; sourceTree = "<group>"; };
		8378B9CE15D0250400CE4BE4 /* GADBannerViewDelegate.h */ = {isa = PBXFileReference; fileEncoding = 4; lastKnownFileType = sourcecode.c.h; path = GADBannerViewDelegate.h; sourceTree = "<group>"; };
		8378B9CF15D0250400CE4BE4 /* GADInterstitial.h */ = {isa = PBXFileReference; fileEncoding = 4; lastKnownFileType = sourcecode.c.h; path = GADInterstitial.h; sourceTree = "<group>"; };
		8378B9D015D0250500CE4BE4 /* GADInterstitialDelegate.h */ = {isa = PBXFileReference; fileEncoding = 4; lastKnownFileType = sourcecode.c.h; path = GADInterstitialDelegate.h; sourceTree = "<group>"; };
		8378B9D115D0250500CE4BE4 /* GADRequest.h */ = {isa = PBXFileReference; fileEncoding = 4; lastKnownFileType = sourcecode.c.h; path = GADRequest.h; sourceTree = "<group>"; };
		8378B9D215D0250500CE4BE4 /* GADRequestError.h */ = {isa = PBXFileReference; fileEncoding = 4; lastKnownFileType = sourcecode.c.h; path = GADRequestError.h; sourceTree = "<group>"; };
		8378B9D315D0264E00CE4BE4 /* libGoogleAdMobAds.a */ = {isa = PBXFileReference; lastKnownFileType = archive.ar; path = libGoogleAdMobAds.a; sourceTree = "<group>"; };
		8378B9D615D0266800CE4BE4 /* DFPBannerView.h */ = {isa = PBXFileReference; fileEncoding = 4; lastKnownFileType = sourcecode.c.h; path = DFPBannerView.h; sourceTree = "<group>"; };
		8378B9D715D0266800CE4BE4 /* DFPExtras.h */ = {isa = PBXFileReference; fileEncoding = 4; lastKnownFileType = sourcecode.c.h; path = DFPExtras.h; sourceTree = "<group>"; };
		8378B9D815D0266800CE4BE4 /* DFPInterstitial.h */ = {isa = PBXFileReference; fileEncoding = 4; lastKnownFileType = sourcecode.c.h; path = DFPInterstitial.h; sourceTree = "<group>"; };
		8378B9D915D0266800CE4BE4 /* GADAdSizeDelegate.h */ = {isa = PBXFileReference; fileEncoding = 4; lastKnownFileType = sourcecode.c.h; path = GADAdSizeDelegate.h; sourceTree = "<group>"; };
		8378B9DA15D0266800CE4BE4 /* GADAppEventDelegate.h */ = {isa = PBXFileReference; fileEncoding = 4; lastKnownFileType = sourcecode.c.h; path = GADAppEventDelegate.h; sourceTree = "<group>"; };
		8378B9DC15D0266800CE4BE4 /* GADCustomEventBanner.h */ = {isa = PBXFileReference; fileEncoding = 4; lastKnownFileType = sourcecode.c.h; path = GADCustomEventBanner.h; sourceTree = "<group>"; };
		8378B9DD15D0266800CE4BE4 /* GADCustomEventBannerDelegate.h */ = {isa = PBXFileReference; fileEncoding = 4; lastKnownFileType = sourcecode.c.h; path = GADCustomEventBannerDelegate.h; sourceTree = "<group>"; };
		8378B9DE15D0266800CE4BE4 /* GADCustomEventExtras.h */ = {isa = PBXFileReference; fileEncoding = 4; lastKnownFileType = sourcecode.c.h; path = GADCustomEventExtras.h; sourceTree = "<group>"; };
		8378B9DF15D0266800CE4BE4 /* GADCustomEventInterstitial.h */ = {isa = PBXFileReference; fileEncoding = 4; lastKnownFileType = sourcecode.c.h; path = GADCustomEventInterstitial.h; sourceTree = "<group>"; };
		8378B9E015D0266800CE4BE4 /* GADCustomEventInterstitialDelegate.h */ = {isa = PBXFileReference; fileEncoding = 4; lastKnownFileType = sourcecode.c.h; path = GADCustomEventInterstitialDelegate.h; sourceTree = "<group>"; };
		8378B9E115D0266800CE4BE4 /* GADCustomEventRequest.h */ = {isa = PBXFileReference; fileEncoding = 4; lastKnownFileType = sourcecode.c.h; path = GADCustomEventRequest.h; sourceTree = "<group>"; };
		8378B9E315D0266800CE4BE4 /* GADSearchBannerView.h */ = {isa = PBXFileReference; fileEncoding = 4; lastKnownFileType = sourcecode.c.h; path = GADSearchBannerView.h; sourceTree = "<group>"; };
		8378B9E415D0266800CE4BE4 /* GADSearchRequest.h */ = {isa = PBXFileReference; fileEncoding = 4; lastKnownFileType = sourcecode.c.h; path = GADSearchRequest.h; sourceTree = "<group>"; };
		8399DC1815CC717500A74335 /* MessageUI.framework */ = {isa = PBXFileReference; lastKnownFileType = wrapper.framework; name = MessageUI.framework; path = System/Library/Frameworks/MessageUI.framework; sourceTree = SDKROOT; };
/* End PBXFileReference section */

/* Begin PBXFrameworksBuildPhase section */
		645122F0154880FD00025F11 /* Frameworks */ = {
			isa = PBXFrameworksBuildPhase;
			buildActionMask = 2147483647;
			files = (
				6451230F154880FD00025F11 /* SystemConfiguration.framework in Frameworks */,
				8399DC1915CC717500A74335 /* MessageUI.framework in Frameworks */,
				6491114D1564058A00357F2E /* libsqlite3.0.dylib in Frameworks */,
				645122FB154880FD00025F11 /* Foundation.framework in Frameworks */,
				645122FD154880FD00025F11 /* UIKit.framework in Frameworks */,
				645122FF154880FD00025F11 /* CoreGraphics.framework in Frameworks */,
				64512301154880FD00025F11 /* AddressBook.framework in Frameworks */,
				64512303154880FD00025F11 /* AddressBookUI.framework in Frameworks */,
				64512305154880FD00025F11 /* AudioToolbox.framework in Frameworks */,
				64512307154880FD00025F11 /* AVFoundation.framework in Frameworks */,
				64512309154880FD00025F11 /* CoreLocation.framework in Frameworks */,
				6451230B154880FD00025F11 /* MediaPlayer.framework in Frameworks */,
				6451230D154880FD00025F11 /* QuartzCore.framework in Frameworks */,
				64512311154880FD00025F11 /* MobileCoreServices.framework in Frameworks */,
				64512313154880FD00025F11 /* CoreMedia.framework in Frameworks */,
				6451231E154880FD00025F11 /* Cordova.framework in Frameworks */,
				649111921564496100357F2E /* CFNetwork.framework in Frameworks */,
				649111AA15644CF600357F2E /* libGoogleAnalytics.a in Frameworks */,
				8378B9D415D0264E00CE4BE4 /* libGoogleAdMobAds.a in Frameworks */,
			);
			runOnlyForDeploymentPostprocessing = 0;
		};
		645122F3154880FD00025F11 /* Frameworks */ = {
			isa = PBXFrameworksBuildPhase;
			buildActionMask = 2147483647;
			files = (
			);
			runOnlyForDeploymentPostprocessing = 0;
		};
/* End PBXFrameworksBuildPhase section */

/* Begin PBXGroup section */
		645122E8154880FD00025F11 = {
			isa = PBXGroup;
			children = (
				6491114C1564058A00357F2E /* libsqlite3.0.dylib */,
				6451235C1548817000025F11 /* www */,
				64512314154880FD00025F11 /* Toura */,
				645122F9154880FD00025F11 /* Frameworks */,
				645122F7154880FD00025F11 /* Products */,
			);
			sourceTree = "<group>";
		};
		645122F7154880FD00025F11 /* Products */ = {
			isa = PBXGroup;
			children = (
				645122F6154880FD00025F11 /* Toura.app */,
			);
			name = Products;
			sourceTree = "<group>";
		};
		645122F9154880FD00025F11 /* Frameworks */ = {
			isa = PBXGroup;
			children = (
				8399DC1815CC717500A74335 /* MessageUI.framework */,
				645122FA154880FD00025F11 /* Foundation.framework */,
				645122FC154880FD00025F11 /* UIKit.framework */,
				645122FE154880FD00025F11 /* CoreGraphics.framework */,
				64512300154880FD00025F11 /* AddressBook.framework */,
				64512302154880FD00025F11 /* AddressBookUI.framework */,
				64512304154880FD00025F11 /* AudioToolbox.framework */,
				64512306154880FD00025F11 /* AVFoundation.framework */,
				64512308154880FD00025F11 /* CoreLocation.framework */,
				6451230A154880FD00025F11 /* MediaPlayer.framework */,
				6451230C154880FD00025F11 /* QuartzCore.framework */,
				6451230E154880FD00025F11 /* SystemConfiguration.framework */,
				64512310154880FD00025F11 /* MobileCoreServices.framework */,
				64512312154880FD00025F11 /* CoreMedia.framework */,
			);
			name = Frameworks;
			sourceTree = "<group>";
		};
		64512314154880FD00025F11 /* Toura */ = {
			isa = PBXGroup;
			children = (
				649111911564496100357F2E /* CFNetwork.framework */,
				6451231D154880FD00025F11 /* Cordova.framework */,
				6451231F154880FD00025F11 /* Resources */,
				64512340154880FD00025F11 /* Classes */,
				64512349154880FE00025F11 /* Plugins */,
				64512315154880FD00025F11 /* Supporting Files */,
			);
			path = Toura;
			sourceTree = "<group>";
		};
		64512315154880FD00025F11 /* Supporting Files */ = {
			isa = PBXGroup;
			children = (
				645123E71548835F00025F11 /* UrbanAirship.plist */,
				64512317154880FD00025F11 /* InfoPlist.strings */,
				6451231A154880FD00025F11 /* main.m */,
				6451231C154880FD00025F11 /* Toura-Prefix.pch */,
				6451233E154880FD00025F11 /* Cordova.plist */,
				64512347154880FE00025F11 /* MainViewController.xib */,
				6451234B154880FE00025F11 /* verify.sh */,
			);
			name = "Supporting Files";
			sourceTree = "<group>";
		};
		6451231F154880FD00025F11 /* Resources */ = {
			isa = PBXGroup;
			children = (
				6451233C154880FD00025F11 /* Capture.bundle */,
				64512320154880FD00025F11 /* en.lproj */,
				64512330154880FD00025F11 /* icons */,
				64512337154880FD00025F11 /* splash */,
			);
			name = Resources;
			sourceTree = "<group>";
		};
		64512320154880FD00025F11 /* en.lproj */ = {
			isa = PBXGroup;
			children = (
				64512321154880FD00025F11 /* Localizable.strings */,
			);
			name = en.lproj;
			sourceTree = "<group>";
		};
		64512330154880FD00025F11 /* icons */ = {
			isa = PBXGroup;
			children = (
				64512331154880FD00025F11 /* icon.png */,
				64512333154880FD00025F11 /* icon@2x.png */,
			);
			name = icons;
			sourceTree = "<group>";
		};
		64512337154880FD00025F11 /* splash */ = {
			isa = PBXGroup;
			children = (
				64512338154880FD00025F11 /* Default.png */,
				6451233A154880FD00025F11 /* Default@2x.png */,
			);
			name = splash;
			sourceTree = "<group>";
		};
		64512340154880FD00025F11 /* Classes */ = {
			isa = PBXGroup;
			children = (
				645123E41548835400025F11 /* TouraAppDelegate.h */,
				645123E51548835400025F11 /* TouraAppDelegate.m */,
				64512344154880FD00025F11 /* MainViewController.h */,
				64512345154880FE00025F11 /* MainViewController.m */,
			);
			name = Classes;
			sourceTree = "<group>";
		};
		64512349154880FE00025F11 /* Plugins */ = {
			isa = PBXGroup;
			children = (
				8378B9D515D0266800CE4BE4 /* DoubleClick */,
				8378B9DB15D0266800CE4BE4 /* Mediation */,
				8378B9E215D0266800CE4BE4 /* Search */,
				8378B9D315D0264E00CE4BE4 /* libGoogleAdMobAds.a */,
				8378B9CA15D0250400CE4BE4 /* GADAdMobExtras.h */,
				8378B9CB15D0250400CE4BE4 /* GADAdNetworkExtras.h */,
				8378B9CC15D0250400CE4BE4 /* GADAdSize.h */,
				8378B9CD15D0250400CE4BE4 /* GADBannerView.h */,
				8378B9CE15D0250400CE4BE4 /* GADBannerViewDelegate.h */,
				8378B9CF15D0250400CE4BE4 /* GADInterstitial.h */,
				8378B9D015D0250500CE4BE4 /* GADInterstitialDelegate.h */,
				8378B9D115D0250500CE4BE4 /* GADRequest.h */,
				8378B9D215D0250500CE4BE4 /* GADRequestError.h */,
				8378B9C715D01FE900CE4BE4 /* AdMobController.h */,
				8378B9C815D01FE900CE4BE4 /* AdMobController.m */,
				6451234A154880FE00025F11 /* README */,
				645123D61548834300025F11 /* ChildBrowser.bundle */,
				645123D71548834300025F11 /* ChildBrowserCommand.h */,
				645123D91548834300025F11 /* ChildBrowserViewController.h */,
				645123D81548834300025F11 /* ChildBrowserCommand.m */,
				645123DA1548834300025F11 /* ChildBrowserViewController.m */,
				645123DB1548834300025F11 /* ChildBrowserViewController.xib */,
				649111A015644CF600357F2E /* GoogleAnalytics */,
				645123DC1548834300025F11 /* push */,
			);
			name = Plugins;
			sourceTree = "<group>";
		};
		645123DC1548834300025F11 /* push */ = {
			isa = PBXGroup;
			children = (
				645123DD1548834300025F11 /* PushNotification.h */,
				645123DE1548834300025F11 /* PushNotification.m */,
			);
			name = push;
			path = Plugins/push;
			sourceTree = "<group>";
		};
		649111A015644CF600357F2E /* GoogleAnalytics */ = {
			isa = PBXGroup;
			children = (
				649111A115644CF600357F2E /* GoogleAnalyticsPlugin.h */,
				649111A315644CF600357F2E /* GoogleAnalyticsPlugin.m */,
				649111A415644CF600357F2E /* GoogSDK */,
				649111A715644CF600357F2E /* README.md */,
			);
			name = GoogleAnalytics;
			path = Plugins/GoogleAnalytics;
			sourceTree = "<group>";
		};
		649111A415644CF600357F2E /* GoogSDK */ = {
			isa = PBXGroup;
			children = (
				649111A515644CF600357F2E /* GANTracker.h */,
				649111A615644CF600357F2E /* libGoogleAnalytics.a */,
			);
			path = GoogSDK;
			sourceTree = "<group>";
		};
		8378B9D515D0266800CE4BE4 /* DoubleClick */ = {
			isa = PBXGroup;
			children = (
				8378B9D615D0266800CE4BE4 /* DFPBannerView.h */,
				8378B9D715D0266800CE4BE4 /* DFPExtras.h */,
				8378B9D815D0266800CE4BE4 /* DFPInterstitial.h */,
				8378B9D915D0266800CE4BE4 /* GADAdSizeDelegate.h */,
				8378B9DA15D0266800CE4BE4 /* GADAppEventDelegate.h */,
			);
			path = DoubleClick;
			sourceTree = "<group>";
		};
		8378B9DB15D0266800CE4BE4 /* Mediation */ = {
			isa = PBXGroup;
			children = (
				8378B9DC15D0266800CE4BE4 /* GADCustomEventBanner.h */,
				8378B9DD15D0266800CE4BE4 /* GADCustomEventBannerDelegate.h */,
				8378B9DE15D0266800CE4BE4 /* GADCustomEventExtras.h */,
				8378B9DF15D0266800CE4BE4 /* GADCustomEventInterstitial.h */,
				8378B9E015D0266800CE4BE4 /* GADCustomEventInterstitialDelegate.h */,
				8378B9E115D0266800CE4BE4 /* GADCustomEventRequest.h */,
			);
			path = Mediation;
			sourceTree = "<group>";
		};
		8378B9E215D0266800CE4BE4 /* Search */ = {
			isa = PBXGroup;
			children = (
				8378B9E315D0266800CE4BE4 /* GADSearchBannerView.h */,
				8378B9E415D0266800CE4BE4 /* GADSearchRequest.h */,
			);
			path = Search;
			sourceTree = "<group>";
		};
/* End PBXGroup section */

/* Begin PBXNativeTarget section */
		645122F5154880FD00025F11 /* Toura */ = {
			isa = PBXNativeTarget;
			buildConfigurationList = 6451234F154880FE00025F11 /* Build configuration list for PBXNativeTarget "Toura" */;
			buildPhases = (
				645122EF154880FD00025F11 /* Sources */,
				645122F0154880FD00025F11 /* Frameworks */,
				645122F1154880FD00025F11 /* Resources */,
				645122F2154880FD00025F11 /* Sources */,
				645122F3154880FD00025F11 /* Frameworks */,
				645122F4154880FD00025F11 /* ShellScript */,
			);
			buildRules = (
			);
			dependencies = (
			);
			name = Toura;
			productName = Toura;
			productReference = 645122F6154880FD00025F11 /* Toura.app */;
			productType = "com.apple.product-type.application";
		};
/* End PBXNativeTarget section */

/* Begin PBXProject section */
		645122EA154880FD00025F11 /* Project object */ = {
			isa = PBXProject;
			attributes = {
				LastUpgradeCheck = 0430;
			};
			buildConfigurationList = 645122ED154880FD00025F11 /* Build configuration list for PBXProject "Toura" */;
			compatibilityVersion = "Xcode 3.2";
			developmentRegion = English;
			hasScannedForEncodings = 0;
			knownRegions = (
				en,
				es,
				de,
				se,
				English,
			);
			mainGroup = 645122E8154880FD00025F11;
			productRefGroup = 645122F7154880FD00025F11 /* Products */;
			projectDirPath = "";
			projectRoot = "";
			targets = (
				645122F5154880FD00025F11 /* Toura */,
			);
		};
/* End PBXProject section */

/* Begin PBXResourcesBuildPhase section */
		645122F1154880FD00025F11 /* Resources */ = {
			isa = PBXResourcesBuildPhase;
			buildActionMask = 2147483647;
			files = (
				64512319154880FD00025F11 /* InfoPlist.strings in Resources */,
				64512323154880FD00025F11 /* Localizable.strings in Resources */,
				64512332154880FD00025F11 /* icon.png in Resources */,
				64512334154880FD00025F11 /* icon@2x.png in Resources */,
				64512339154880FD00025F11 /* Default.png in Resources */,
				6451233B154880FD00025F11 /* Default@2x.png in Resources */,
				6451233D154880FD00025F11 /* Capture.bundle in Resources */,
				6451233F154880FD00025F11 /* Cordova.plist in Resources */,
				64512348154880FE00025F11 /* MainViewController.xib in Resources */,
				6451234C154880FE00025F11 /* verify.sh in Resources */,
				6451235D1548817000025F11 /* www in Resources */,
				645123DF1548834300025F11 /* ChildBrowser.bundle in Resources */,
				645123E21548834300025F11 /* ChildBrowserViewController.xib in Resources */,
				645123E81548835F00025F11 /* UrbanAirship.plist in Resources */,
				649111AB15644CF600357F2E /* README.md in Resources */,
			);
			runOnlyForDeploymentPostprocessing = 0;
		};
/* End PBXResourcesBuildPhase section */

/* Begin PBXShellScriptBuildPhase section */
		645122F4154880FD00025F11 /* ShellScript */ = {
			isa = PBXShellScriptBuildPhase;
			buildActionMask = 2147483647;
			files = (
			);
			inputPaths = (
			);
			outputPaths = (
			);
			runOnlyForDeploymentPostprocessing = 0;
			shellPath = /bin/bash;
			shellScript = "\n\t\t\t\t\t\t\t\tchmod 755 \"$PROJECT_DIR/$PROJECT_NAME/verify.sh\"\n\t\t\t\t\t\t\t\t\"$PROJECT_DIR/$PROJECT_NAME/verify.sh\"\n\t\t\t\t\t";
		};
/* End PBXShellScriptBuildPhase section */

/* Begin PBXSourcesBuildPhase section */
		645122EF154880FD00025F11 /* Sources */ = {
			isa = PBXSourcesBuildPhase;
			buildActionMask = 2147483647;
			files = (
				6451231B154880FD00025F11 /* main.m in Sources */,
				64512346154880FE00025F11 /* MainViewController.m in Sources */,
				645123E01548834300025F11 /* ChildBrowserCommand.m in Sources */,
				645123E11548834300025F11 /* ChildBrowserViewController.m in Sources */,
				645123E31548834300025F11 /* PushNotification.m in Sources */,
				645123E61548835400025F11 /* TouraAppDelegate.m in Sources */,
				649111A915644CF600357F2E /* GoogleAnalyticsPlugin.m in Sources */,
				8378B9C915D01FE900CE4BE4 /* AdMobController.m in Sources */,
			);
			runOnlyForDeploymentPostprocessing = 0;
		};
		645122F2154880FD00025F11 /* Sources */ = {
			isa = PBXSourcesBuildPhase;
			buildActionMask = 2147483647;
			files = (
			);
			runOnlyForDeploymentPostprocessing = 0;
		};
/* End PBXSourcesBuildPhase section */

/* Begin PBXVariantGroup section */
		64512317154880FD00025F11 /* InfoPlist.strings */ = {
			isa = PBXVariantGroup;
			children = (
				64512318154880FD00025F11 /* en */,
			);
			name = InfoPlist.strings;
			sourceTree = "<group>";
		};
		64512321154880FD00025F11 /* Localizable.strings */ = {
			isa = PBXVariantGroup;
			children = (
				64512322154880FD00025F11 /* en */,
			);
			name = Localizable.strings;
			sourceTree = "<group>";
		};
/* End PBXVariantGroup section */

/* Begin XCBuildConfiguration section */
		6451234D154880FE00025F11 /* Debug */ = {
			isa = XCBuildConfiguration;
			buildSettings = {
				ALWAYS_SEARCH_USER_PATHS = NO;
				ARCHS = (
					armv7,
					"$(ARCHS_STANDARD_32_BIT)",
				);
				"CODE_SIGN_IDENTITY[sdk=iphoneos*]" = "iPhone Developer";
				COPY_PHASE_STRIP = NO;
				GCC_C_LANGUAGE_STANDARD = gnu99;
				GCC_DYNAMIC_NO_PIC = NO;
				GCC_OPTIMIZATION_LEVEL = 0;
				GCC_PREPROCESSOR_DEFINITIONS = (
					"DEBUG=1",
					"$(inherited)",
				);
				GCC_SYMBOLS_PRIVATE_EXTERN = NO;
				GCC_THUMB_SUPPORT = NO;
				GCC_VERSION = com.apple.compilers.llvm.clang.1_0;
				GCC_WARN_ABOUT_RETURN_TYPE = YES;
				GCC_WARN_UNINITIALIZED_AUTOS = YES;
				GCC_WARN_UNUSED_VARIABLE = YES;
				IPHONEOS_DEPLOYMENT_TARGET = 3.0;
				SDKROOT = iphoneos;
			};
			name = Debug;
		};
		6451234E154880FE00025F11 /* Release */ = {
			isa = XCBuildConfiguration;
			buildSettings = {
				ALWAYS_SEARCH_USER_PATHS = NO;
				ARCHS = (
					armv7,
					"$(ARCHS_STANDARD_32_BIT)",
				);
				"CODE_SIGN_IDENTITY[sdk=iphoneos*]" = "iPhone Developer";
				COPY_PHASE_STRIP = YES;
				GCC_C_LANGUAGE_STANDARD = gnu99;
				GCC_THUMB_SUPPORT = NO;
				GCC_VERSION = com.apple.compilers.llvm.clang.1_0;
				GCC_WARN_ABOUT_RETURN_TYPE = YES;
				GCC_WARN_UNINITIALIZED_AUTOS = YES;
				GCC_WARN_UNUSED_VARIABLE = YES;
				IPHONEOS_DEPLOYMENT_TARGET = 3.0;
				SDKROOT = iphoneos;
				VALIDATE_PRODUCT = YES;
			};
			name = Release;
		};
		64512350154880FE00025F11 /* Debug */ = {
			isa = XCBuildConfiguration;
			buildSettings = {
				ALWAYS_SEARCH_USER_PATHS = YES;
				COPY_PHASE_STRIP = NO;
				FRAMEWORK_SEARCH_PATHS = /Users/Shared/Cordova/Frameworks;
				GCC_DYNAMIC_NO_PIC = NO;
				GCC_PRECOMPILE_PREFIX_HEADER = YES;
				GCC_PREFIX_HEADER = "Toura/Toura-Prefix.pch";
				GCC_PREPROCESSOR_DEFINITIONS = (
					"DEBUG=1,",
					"CORDOVA_FRAMEWORK=1",
				);
				GCC_THUMB_SUPPORT = NO;
				INFOPLIST_FILE = "Toura/Toura-Info.plist";
				IPHONEOS_DEPLOYMENT_TARGET = 4.0;
				LIBRARY_SEARCH_PATHS = (
					"$(inherited)",
					"\"$(SYSTEM_LIBRARY_DIR)/Frameworks/CoreServices.framework/Versions/A\"",
					"\"$(SRCROOT)/Toura/Plugins/GoogleAnalytics/GoogSDK\"",
					"\"$(SRCROOT)/../../../../GoogleAdMobAdsSdkiOS-6.1.2\"",
					"\"$(SRCROOT)/Toura\"",
				);
				OTHER_LDFLAGS = (
					"-weak_framework",
					UIKit,
					"-weak_framework",
					AVFoundation,
					"-weak_framework",
					CoreMedia,
					"-weak_library",
					/usr/lib/libSystem.B.dylib,
					"-all_load",
				);
				PRODUCT_NAME = "$(TARGET_NAME)";
				TARGETED_DEVICE_FAMILY = 1;
				WRAPPER_EXTENSION = app;
			};
			name = Debug;
		};
		64512351154880FE00025F11 /* Release */ = {
			isa = XCBuildConfiguration;
			buildSettings = {
				ALWAYS_SEARCH_USER_PATHS = YES;
				COPY_PHASE_STRIP = YES;
				DEBUG_INFORMATION_FORMAT = "dwarf-with-dsym";
				FRAMEWORK_SEARCH_PATHS = /Users/Shared/Cordova/Frameworks;
				GCC_PRECOMPILE_PREFIX_HEADER = YES;
				GCC_PREFIX_HEADER = "Toura/Toura-Prefix.pch";
				GCC_PREPROCESSOR_DEFINITIONS = (
					"NDEBUG=1,",
					"CORDOVA_FRAMEWORK=1",
				);
				GCC_THUMB_SUPPORT = NO;
				INFOPLIST_FILE = "Toura/Toura-Info.plist";
				IPHONEOS_DEPLOYMENT_TARGET = 4.0;
				LIBRARY_SEARCH_PATHS = (
					"$(inherited)",
					"\"$(SYSTEM_LIBRARY_DIR)/Frameworks/CoreServices.framework/Versions/A\"",
					"\"$(SRCROOT)/Toura/Plugins/GoogleAnalytics/GoogSDK\"",
					"\"$(SRCROOT)/../../../../GoogleAdMobAdsSdkiOS-6.1.2\"",
					"\"$(SRCROOT)/Toura\"",
				);
				OTHER_LDFLAGS = (
					"-weak_framework",
					UIKit,
					"-weak_framework",
					AVFoundation,
					"-weak_framework",
					CoreMedia,
					"-weak_library",
					/usr/lib/libSystem.B.dylib,
					"-all_load",
				);
				PRODUCT_NAME = "$(TARGET_NAME)";
				TARGETED_DEVICE_FAMILY = 1;
				VALIDATE_PRODUCT = YES;
				WRAPPER_EXTENSION = app;
			};
			name = Release;
		};
/* End XCBuildConfiguration section */

/* Begin XCConfigurationList section */
		645122ED154880FD00025F11 /* Build configuration list for PBXProject "Toura" */ = {
			isa = XCConfigurationList;
			buildConfigurations = (
				6451234D154880FE00025F11 /* Debug */,
				6451234E154880FE00025F11 /* Release */,
			);
			defaultConfigurationIsVisible = 0;
			defaultConfigurationName = Release;
		};
		6451234F154880FE00025F11 /* Build configuration list for PBXNativeTarget "Toura" */ = {
			isa = XCConfigurationList;
			buildConfigurations = (
				64512350154880FE00025F11 /* Debug */,
				64512351154880FE00025F11 /* Release */,
			);
			defaultConfigurationIsVisible = 0;
			defaultConfigurationName = Release;
		};
/* End XCConfigurationList section */
	};
	rootObject = 645122EA154880FD00025F11 /* Project object */;
}
