// !$*UTF8*$!
{
	archiveVersion = 1;
	classes = {
	};
	objectVersion = 46;
	objects = {

/* Begin PBXBuildFile section */
		64492B471553084F00BD7869 /* Foundation.framework in Frameworks */ = {isa = PBXBuildFile; fileRef = 64492B461553084F00BD7869 /* Foundation.framework */; };
		64492B491553084F00BD7869 /* UIKit.framework in Frameworks */ = {isa = PBXBuildFile; fileRef = 64492B481553084F00BD7869 /* UIKit.framework */; };
		64492B4B1553084F00BD7869 /* CoreGraphics.framework in Frameworks */ = {isa = PBXBuildFile; fileRef = 64492B4A1553084F00BD7869 /* CoreGraphics.framework */; };
		64492B4D1553084F00BD7869 /* AddressBook.framework in Frameworks */ = {isa = PBXBuildFile; fileRef = 64492B4C1553084F00BD7869 /* AddressBook.framework */; };
		64492B4F1553084F00BD7869 /* AddressBookUI.framework in Frameworks */ = {isa = PBXBuildFile; fileRef = 64492B4E1553084F00BD7869 /* AddressBookUI.framework */; };
		64492B511553084F00BD7869 /* AudioToolbox.framework in Frameworks */ = {isa = PBXBuildFile; fileRef = 64492B501553084F00BD7869 /* AudioToolbox.framework */; };
		64492B531553084F00BD7869 /* AVFoundation.framework in Frameworks */ = {isa = PBXBuildFile; fileRef = 64492B521553084F00BD7869 /* AVFoundation.framework */; };
		64492B551553084F00BD7869 /* CoreLocation.framework in Frameworks */ = {isa = PBXBuildFile; fileRef = 64492B541553084F00BD7869 /* CoreLocation.framework */; };
		64492B571553084F00BD7869 /* MediaPlayer.framework in Frameworks */ = {isa = PBXBuildFile; fileRef = 64492B561553084F00BD7869 /* MediaPlayer.framework */; };
		64492B591553084F00BD7869 /* QuartzCore.framework in Frameworks */ = {isa = PBXBuildFile; fileRef = 64492B581553084F00BD7869 /* QuartzCore.framework */; };
		64492B5B1553084F00BD7869 /* SystemConfiguration.framework in Frameworks */ = {isa = PBXBuildFile; fileRef = 64492B5A1553084F00BD7869 /* SystemConfiguration.framework */; };
		64492B5D1553084F00BD7869 /* MobileCoreServices.framework in Frameworks */ = {isa = PBXBuildFile; fileRef = 64492B5C1553084F00BD7869 /* MobileCoreServices.framework */; };
		64492B5F1553084F00BD7869 /* CoreMedia.framework in Frameworks */ = {isa = PBXBuildFile; fileRef = 64492B5E1553084F00BD7869 /* CoreMedia.framework */; };
		64492B651553084F00BD7869 /* InfoPlist.strings in Resources */ = {isa = PBXBuildFile; fileRef = 64492B631553084F00BD7869 /* InfoPlist.strings */; };
		64492B671553084F00BD7869 /* main.m in Sources */ = {isa = PBXBuildFile; fileRef = 64492B661553084F00BD7869 /* main.m */; };
		64492B6A1553084F00BD7869 /* Cordova.framework in Frameworks */ = {isa = PBXBuildFile; fileRef = 64492B691553084F00BD7869 /* Cordova.framework */; };
		64492B6F1553084F00BD7869 /* Localizable.strings in Resources */ = {isa = PBXBuildFile; fileRef = 64492B6D1553084F00BD7869 /* Localizable.strings */; };
		64492B731553084F00BD7869 /* Localizable.strings in Resources */ = {isa = PBXBuildFile; fileRef = 64492B711553084F00BD7869 /* Localizable.strings */; };
		64492B771553084F00BD7869 /* Localizable.strings in Resources */ = {isa = PBXBuildFile; fileRef = 64492B751553084F00BD7869 /* Localizable.strings */; };
		64492B7B1553084F00BD7869 /* Localizable.strings in Resources */ = {isa = PBXBuildFile; fileRef = 64492B791553084F00BD7869 /* Localizable.strings */; };
		64492B7E1553084F00BD7869 /* icon.png in Resources */ = {isa = PBXBuildFile; fileRef = 64492B7D1553084F00BD7869 /* icon.png */; };
		64492B821553084F00BD7869 /* icon-72.png in Resources */ = {isa = PBXBuildFile; fileRef = 64492B811553084F00BD7869 /* icon-72.png */; };
		64492B851553085000BD7869 /* Default.png in Resources */ = {isa = PBXBuildFile; fileRef = 64492B841553085000BD7869 /* Default.png */; };
		64492B891553085000BD7869 /* Capture.bundle in Resources */ = {isa = PBXBuildFile; fileRef = 64492B881553085000BD7869 /* Capture.bundle */; };
		64492B8B1553085000BD7869 /* Cordova.plist in Resources */ = {isa = PBXBuildFile; fileRef = 64492B8A1553085000BD7869 /* Cordova.plist */; };
		64492B921553085000BD7869 /* MainViewController.m in Sources */ = {isa = PBXBuildFile; fileRef = 64492B911553085000BD7869 /* MainViewController.m */; };
		64492B941553085000BD7869 /* MainViewController.xib in Resources */ = {isa = PBXBuildFile; fileRef = 64492B931553085000BD7869 /* MainViewController.xib */; };
		64492B981553085000BD7869 /* verify.sh in Resources */ = {isa = PBXBuildFile; fileRef = 64492B971553085000BD7869 /* verify.sh */; };
		64492BB21553090000BD7869 /* ChildBrowser.bundle in Resources */ = {isa = PBXBuildFile; fileRef = 64492BA71553090000BD7869 /* ChildBrowser.bundle */; };
		64492BB31553090000BD7869 /* ChildBrowserCommand.m in Sources */ = {isa = PBXBuildFile; fileRef = 64492BA91553090000BD7869 /* ChildBrowserCommand.m */; };
		64492BB41553090000BD7869 /* ChildBrowserViewController.m in Sources */ = {isa = PBXBuildFile; fileRef = 64492BAB1553090000BD7869 /* ChildBrowserViewController.m */; };
		64492BB51553090000BD7869 /* ChildBrowserViewController.xib in Resources */ = {isa = PBXBuildFile; fileRef = 64492BAC1553090000BD7869 /* ChildBrowserViewController.xib */; };
		64492BB61553090000BD7869 /* index.html in Resources */ = {isa = PBXBuildFile; fileRef = 64492BAD1553090000BD7869 /* index.html */; };
		64492BB71553090000BD7869 /* PushNotification.m in Sources */ = {isa = PBXBuildFile; fileRef = 64492BB01553090000BD7869 /* PushNotification.m */; };
		64492BB81553090000BD7869 /* README.ChildBrowser.md in Resources */ = {isa = PBXBuildFile; fileRef = 64492BB11553090000BD7869 /* README.ChildBrowser.md */; };
		64492BBB1553091800BD7869 /* TouraAppDelegate.m in Sources */ = {isa = PBXBuildFile; fileRef = 64492BBA1553091800BD7869 /* TouraAppDelegate.m */; };
		64492BBD1553096800BD7869 /* UrbanAirship.plist in Resources */ = {isa = PBXBuildFile; fileRef = 64492BBC1553096800BD7869 /* UrbanAirship.plist */; };
		64492BBF1553098E00BD7869 /* www in Resources */ = {isa = PBXBuildFile; fileRef = 64492BBE1553098E00BD7869 /* www */; };
		64492BC215530A6600BD7869 /* Default-Landscape.png in Resources */ = {isa = PBXBuildFile; fileRef = 64492BC015530A6600BD7869 /* Default-Landscape.png */; };
		64492BC315530A6600BD7869 /* Default-Portrait.png in Resources */ = {isa = PBXBuildFile; fileRef = 64492BC115530A6600BD7869 /* Default-Portrait.png */; };
/* End PBXBuildFile section */

/* Begin PBXFileReference section */
		64492B421553084F00BD7869 /* Toura-iPad.app */ = {isa = PBXFileReference; explicitFileType = wrapper.application; includeInIndex = 0; path = "Toura-iPad.app"; sourceTree = BUILT_PRODUCTS_DIR; };
		64492B461553084F00BD7869 /* Foundation.framework */ = {isa = PBXFileReference; lastKnownFileType = wrapper.framework; name = Foundation.framework; path = System/Library/Frameworks/Foundation.framework; sourceTree = SDKROOT; };
		64492B481553084F00BD7869 /* UIKit.framework */ = {isa = PBXFileReference; lastKnownFileType = wrapper.framework; name = UIKit.framework; path = System/Library/Frameworks/UIKit.framework; sourceTree = SDKROOT; };
		64492B4A1553084F00BD7869 /* CoreGraphics.framework */ = {isa = PBXFileReference; lastKnownFileType = wrapper.framework; name = CoreGraphics.framework; path = System/Library/Frameworks/CoreGraphics.framework; sourceTree = SDKROOT; };
		64492B4C1553084F00BD7869 /* AddressBook.framework */ = {isa = PBXFileReference; lastKnownFileType = wrapper.framework; name = AddressBook.framework; path = System/Library/Frameworks/AddressBook.framework; sourceTree = SDKROOT; };
		64492B4E1553084F00BD7869 /* AddressBookUI.framework */ = {isa = PBXFileReference; lastKnownFileType = wrapper.framework; name = AddressBookUI.framework; path = System/Library/Frameworks/AddressBookUI.framework; sourceTree = SDKROOT; };
		64492B501553084F00BD7869 /* AudioToolbox.framework */ = {isa = PBXFileReference; lastKnownFileType = wrapper.framework; name = AudioToolbox.framework; path = System/Library/Frameworks/AudioToolbox.framework; sourceTree = SDKROOT; };
		64492B521553084F00BD7869 /* AVFoundation.framework */ = {isa = PBXFileReference; lastKnownFileType = wrapper.framework; name = AVFoundation.framework; path = System/Library/Frameworks/AVFoundation.framework; sourceTree = SDKROOT; };
		64492B541553084F00BD7869 /* CoreLocation.framework */ = {isa = PBXFileReference; lastKnownFileType = wrapper.framework; name = CoreLocation.framework; path = System/Library/Frameworks/CoreLocation.framework; sourceTree = SDKROOT; };
		64492B561553084F00BD7869 /* MediaPlayer.framework */ = {isa = PBXFileReference; lastKnownFileType = wrapper.framework; name = MediaPlayer.framework; path = System/Library/Frameworks/MediaPlayer.framework; sourceTree = SDKROOT; };
		64492B581553084F00BD7869 /* QuartzCore.framework */ = {isa = PBXFileReference; lastKnownFileType = wrapper.framework; name = QuartzCore.framework; path = System/Library/Frameworks/QuartzCore.framework; sourceTree = SDKROOT; };
		64492B5A1553084F00BD7869 /* SystemConfiguration.framework */ = {isa = PBXFileReference; lastKnownFileType = wrapper.framework; name = SystemConfiguration.framework; path = System/Library/Frameworks/SystemConfiguration.framework; sourceTree = SDKROOT; };
		64492B5C1553084F00BD7869 /* MobileCoreServices.framework */ = {isa = PBXFileReference; lastKnownFileType = wrapper.framework; name = MobileCoreServices.framework; path = System/Library/Frameworks/MobileCoreServices.framework; sourceTree = SDKROOT; };
		64492B5E1553084F00BD7869 /* CoreMedia.framework */ = {isa = PBXFileReference; lastKnownFileType = wrapper.framework; name = CoreMedia.framework; path = System/Library/Frameworks/CoreMedia.framework; sourceTree = SDKROOT; };
		64492B621553084F00BD7869 /* Toura-Info.plist */ = {isa = PBXFileReference; lastKnownFileType = text.plist.xml; path = "Toura-Info.plist"; sourceTree = "<group>"; };
		64492B641553084F00BD7869 /* en */ = {isa = PBXFileReference; lastKnownFileType = text.plist.strings; name = en; path = en.lproj/InfoPlist.strings; sourceTree = "<group>"; };
		64492B661553084F00BD7869 /* main.m */ = {isa = PBXFileReference; lastKnownFileType = sourcecode.c.objc; path = main.m; sourceTree = "<group>"; };
		64492B681553084F00BD7869 /* Toura-Prefix.pch */ = {isa = PBXFileReference; lastKnownFileType = sourcecode.c.h; path = "Toura-Prefix.pch"; sourceTree = "<group>"; };
		64492B691553084F00BD7869 /* Cordova.framework */ = {isa = PBXFileReference; lastKnownFileType = wrapper.framework; name = Cordova.framework; path = /Users/Shared/Cordova/Frameworks/Cordova.framework; sourceTree = "<absolute>"; };
		64492B6E1553084F00BD7869 /* en */ = {isa = PBXFileReference; lastKnownFileType = text.plist.strings; name = en; path = Resources/en.lproj/Localizable.strings; sourceTree = "<group>"; };
		64492B721553084F00BD7869 /* es */ = {isa = PBXFileReference; lastKnownFileType = text.plist.strings; name = es; path = Resources/es.lproj/Localizable.strings; sourceTree = "<group>"; };
		64492B761553084F00BD7869 /* de */ = {isa = PBXFileReference; lastKnownFileType = text.plist.strings; name = de; path = Resources/de.lproj/Localizable.strings; sourceTree = "<group>"; };
		64492B7A1553084F00BD7869 /* se */ = {isa = PBXFileReference; lastKnownFileType = text.plist.strings; name = se; path = Resources/se.lproj/Localizable.strings; sourceTree = "<group>"; };
		64492B7D1553084F00BD7869 /* icon.png */ = {isa = PBXFileReference; lastKnownFileType = image.png; name = icon.png; path = Resources/icons/icon.png; sourceTree = "<group>"; };
		64492B811553084F00BD7869 /* icon-72.png */ = {isa = PBXFileReference; lastKnownFileType = image.png; name = "icon-72.png"; path = "Resources/icons/icon-72.png"; sourceTree = "<group>"; };
		64492B841553085000BD7869 /* Default.png */ = {isa = PBXFileReference; lastKnownFileType = image.png; name = Default.png; path = Resources/splash/Default.png; sourceTree = "<group>"; };
		64492B881553085000BD7869 /* Capture.bundle */ = {isa = PBXFileReference; lastKnownFileType = "wrapper.plug-in"; name = Capture.bundle; path = Resources/Capture.bundle; sourceTree = "<group>"; };
		64492B8A1553085000BD7869 /* Cordova.plist */ = {isa = PBXFileReference; lastKnownFileType = text.plist.xml; path = Cordova.plist; sourceTree = "<group>"; };
		64492B901553085000BD7869 /* MainViewController.h */ = {isa = PBXFileReference; lastKnownFileType = sourcecode.c.h; name = MainViewController.h; path = Classes/MainViewController.h; sourceTree = "<group>"; };
		64492B911553085000BD7869 /* MainViewController.m */ = {isa = PBXFileReference; lastKnownFileType = sourcecode.c.objc; name = MainViewController.m; path = Classes/MainViewController.m; sourceTree = "<group>"; };
		64492B931553085000BD7869 /* MainViewController.xib */ = {isa = PBXFileReference; lastKnownFileType = file.xib; name = MainViewController.xib; path = Classes/MainViewController.xib; sourceTree = "<group>"; };
		64492B961553085000BD7869 /* README */ = {isa = PBXFileReference; lastKnownFileType = text; name = README; path = Plugins/README; sourceTree = "<group>"; };
		64492B971553085000BD7869 /* verify.sh */ = {isa = PBXFileReference; lastKnownFileType = text.script.sh; path = verify.sh; sourceTree = "<group>"; };
		64492BA71553090000BD7869 /* ChildBrowser.bundle */ = {isa = PBXFileReference; lastKnownFileType = "wrapper.plug-in"; name = ChildBrowser.bundle; path = Plugins/ChildBrowser.bundle; sourceTree = "<group>"; };
		64492BA81553090000BD7869 /* ChildBrowserCommand.h */ = {isa = PBXFileReference; fileEncoding = 4; lastKnownFileType = sourcecode.c.h; name = ChildBrowserCommand.h; path = Plugins/ChildBrowserCommand.h; sourceTree = "<group>"; };
		64492BA91553090000BD7869 /* ChildBrowserCommand.m */ = {isa = PBXFileReference; fileEncoding = 4; lastKnownFileType = sourcecode.c.objc; name = ChildBrowserCommand.m; path = Plugins/ChildBrowserCommand.m; sourceTree = "<group>"; };
		64492BAA1553090000BD7869 /* ChildBrowserViewController.h */ = {isa = PBXFileReference; fileEncoding = 4; lastKnownFileType = sourcecode.c.h; name = ChildBrowserViewController.h; path = Plugins/ChildBrowserViewController.h; sourceTree = "<group>"; };
		64492BAB1553090000BD7869 /* ChildBrowserViewController.m */ = {isa = PBXFileReference; fileEncoding = 4; lastKnownFileType = sourcecode.c.objc; name = ChildBrowserViewController.m; path = Plugins/ChildBrowserViewController.m; sourceTree = "<group>"; };
		64492BAC1553090000BD7869 /* ChildBrowserViewController.xib */ = {isa = PBXFileReference; fileEncoding = 4; lastKnownFileType = file.xib; name = ChildBrowserViewController.xib; path = Plugins/ChildBrowserViewController.xib; sourceTree = "<group>"; };
		64492BAD1553090000BD7869 /* index.html */ = {isa = PBXFileReference; fileEncoding = 4; lastKnownFileType = text.html; name = index.html; path = Plugins/index.html; sourceTree = "<group>"; };
		64492BAF1553090000BD7869 /* PushNotification.h */ = {isa = PBXFileReference; fileEncoding = 4; lastKnownFileType = sourcecode.c.h; path = PushNotification.h; sourceTree = "<group>"; };
		64492BB01553090000BD7869 /* PushNotification.m */ = {isa = PBXFileReference; fileEncoding = 4; lastKnownFileType = sourcecode.c.objc; path = PushNotification.m; sourceTree = "<group>"; };
		64492BB11553090000BD7869 /* README.ChildBrowser.md */ = {isa = PBXFileReference; fileEncoding = 4; lastKnownFileType = text; name = README.ChildBrowser.md; path = Plugins/README.ChildBrowser.md; sourceTree = "<group>"; };
		64492BB91553091800BD7869 /* TouraAppDelegate.h */ = {isa = PBXFileReference; fileEncoding = 4; lastKnownFileType = sourcecode.c.h; name = TouraAppDelegate.h; path = Classes/TouraAppDelegate.h; sourceTree = "<group>"; };
		64492BBA1553091800BD7869 /* TouraAppDelegate.m */ = {isa = PBXFileReference; fileEncoding = 4; lastKnownFileType = sourcecode.c.objc; name = TouraAppDelegate.m; path = Classes/TouraAppDelegate.m; sourceTree = "<group>"; };
		64492BBC1553096800BD7869 /* UrbanAirship.plist */ = {isa = PBXFileReference; fileEncoding = 4; lastKnownFileType = text.plist.xml; path = UrbanAirship.plist; sourceTree = "<group>"; };
		64492BBE1553098E00BD7869 /* www */ = {isa = PBXFileReference; lastKnownFileType = folder; path = www; sourceTree = "<group>"; };
		64492BC015530A6600BD7869 /* Default-Landscape.png */ = {isa = PBXFileReference; lastKnownFileType = image.png; name = "Default-Landscape.png"; path = "Resources/splash/Default-Landscape.png"; sourceTree = "<group>"; };
		64492BC115530A6600BD7869 /* Default-Portrait.png */ = {isa = PBXFileReference; lastKnownFileType = image.png; name = "Default-Portrait.png"; path = "Resources/splash/Default-Portrait.png"; sourceTree = "<group>"; };
/* End PBXFileReference section */

/* Begin PBXFrameworksBuildPhase section */
		64492B3C1553084F00BD7869 /* Frameworks */ = {
			isa = PBXFrameworksBuildPhase;
			buildActionMask = 2147483647;
			files = (
				64492B471553084F00BD7869 /* Foundation.framework in Frameworks */,
				64492B491553084F00BD7869 /* UIKit.framework in Frameworks */,
				64492B4B1553084F00BD7869 /* CoreGraphics.framework in Frameworks */,
				64492B4D1553084F00BD7869 /* AddressBook.framework in Frameworks */,
				64492B4F1553084F00BD7869 /* AddressBookUI.framework in Frameworks */,
				64492B511553084F00BD7869 /* AudioToolbox.framework in Frameworks */,
				64492B531553084F00BD7869 /* AVFoundation.framework in Frameworks */,
				64492B551553084F00BD7869 /* CoreLocation.framework in Frameworks */,
				64492B571553084F00BD7869 /* MediaPlayer.framework in Frameworks */,
				64492B591553084F00BD7869 /* QuartzCore.framework in Frameworks */,
				64492B5B1553084F00BD7869 /* SystemConfiguration.framework in Frameworks */,
				64492B5D1553084F00BD7869 /* MobileCoreServices.framework in Frameworks */,
				64492B5F1553084F00BD7869 /* CoreMedia.framework in Frameworks */,
				64492B6A1553084F00BD7869 /* Cordova.framework in Frameworks */,
			);
			runOnlyForDeploymentPostprocessing = 0;
		};
		64492B3F1553084F00BD7869 /* Frameworks */ = {
			isa = PBXFrameworksBuildPhase;
			buildActionMask = 2147483647;
			files = (
			);
			runOnlyForDeploymentPostprocessing = 0;
		};
/* End PBXFrameworksBuildPhase section */

/* Begin PBXGroup section */
		64492B341553084F00BD7869 = {
			isa = PBXGroup;
			children = (
				64492BBE1553098E00BD7869 /* www */,
				64492B601553084F00BD7869 /* Toura */,
				64492B451553084F00BD7869 /* Frameworks */,
				64492B431553084F00BD7869 /* Products */,
			);
			sourceTree = "<group>";
		};
		64492B431553084F00BD7869 /* Products */ = {
			isa = PBXGroup;
			children = (
				64492B421553084F00BD7869 /* Toura-iPad.app */,
			);
			name = Products;
			sourceTree = "<group>";
		};
		64492B451553084F00BD7869 /* Frameworks */ = {
			isa = PBXGroup;
			children = (
				64492B461553084F00BD7869 /* Foundation.framework */,
				64492B481553084F00BD7869 /* UIKit.framework */,
				64492B4A1553084F00BD7869 /* CoreGraphics.framework */,
				64492B4C1553084F00BD7869 /* AddressBook.framework */,
				64492B4E1553084F00BD7869 /* AddressBookUI.framework */,
				64492B501553084F00BD7869 /* AudioToolbox.framework */,
				64492B521553084F00BD7869 /* AVFoundation.framework */,
				64492B541553084F00BD7869 /* CoreLocation.framework */,
				64492B561553084F00BD7869 /* MediaPlayer.framework */,
				64492B581553084F00BD7869 /* QuartzCore.framework */,
				64492B5A1553084F00BD7869 /* SystemConfiguration.framework */,
				64492B5C1553084F00BD7869 /* MobileCoreServices.framework */,
				64492B5E1553084F00BD7869 /* CoreMedia.framework */,
			);
			name = Frameworks;
			sourceTree = "<group>";
		};
		64492B601553084F00BD7869 /* Toura */ = {
			isa = PBXGroup;
			children = (
				64492B691553084F00BD7869 /* Cordova.framework */,
				64492B6B1553084F00BD7869 /* Resources */,
				64492B8C1553085000BD7869 /* Classes */,
				64492B951553085000BD7869 /* Plugins */,
				64492B611553084F00BD7869 /* Supporting Files */,
			);
			path = Toura;
			sourceTree = "<group>";
		};
		64492B611553084F00BD7869 /* Supporting Files */ = {
			isa = PBXGroup;
			children = (
				64492BBC1553096800BD7869 /* UrbanAirship.plist */,
				64492B621553084F00BD7869 /* Toura-Info.plist */,
				64492B631553084F00BD7869 /* InfoPlist.strings */,
				64492B661553084F00BD7869 /* main.m */,
				64492B681553084F00BD7869 /* Toura-Prefix.pch */,
				64492B8A1553085000BD7869 /* Cordova.plist */,
				64492B931553085000BD7869 /* MainViewController.xib */,
				64492B971553085000BD7869 /* verify.sh */,
			);
			name = "Supporting Files";
			sourceTree = "<group>";
		};
		64492B6B1553084F00BD7869 /* Resources */ = {
			isa = PBXGroup;
			children = (
				64492B881553085000BD7869 /* Capture.bundle */,
				64492B6C1553084F00BD7869 /* en.lproj */,
				64492B701553084F00BD7869 /* es.lproj */,
				64492B741553084F00BD7869 /* de.lproj */,
				64492B781553084F00BD7869 /* se.lproj */,
				64492B7C1553084F00BD7869 /* icons */,
				64492B831553084F00BD7869 /* splash */,
			);
			name = Resources;
			sourceTree = "<group>";
		};
		64492B6C1553084F00BD7869 /* en.lproj */ = {
			isa = PBXGroup;
			children = (
				64492B6D1553084F00BD7869 /* Localizable.strings */,
			);
			name = en.lproj;
			sourceTree = "<group>";
		};
		64492B701553084F00BD7869 /* es.lproj */ = {
			isa = PBXGroup;
			children = (
				64492B711553084F00BD7869 /* Localizable.strings */,
			);
			name = es.lproj;
			sourceTree = "<group>";
		};
		64492B741553084F00BD7869 /* de.lproj */ = {
			isa = PBXGroup;
			children = (
				64492B751553084F00BD7869 /* Localizable.strings */,
			);
			name = de.lproj;
			sourceTree = "<group>";
		};
		64492B781553084F00BD7869 /* se.lproj */ = {
			isa = PBXGroup;
			children = (
				64492B791553084F00BD7869 /* Localizable.strings */,
			);
			name = se.lproj;
			sourceTree = "<group>";
		};
		64492B7C1553084F00BD7869 /* icons */ = {
			isa = PBXGroup;
			children = (
				64492B7D1553084F00BD7869 /* icon.png */,
				64492B811553084F00BD7869 /* icon-72.png */,
			);
			name = icons;
			sourceTree = "<group>";
		};
		64492B831553084F00BD7869 /* splash */ = {
			isa = PBXGroup;
			children = (
				64492BC015530A6600BD7869 /* Default-Landscape.png */,
				64492BC115530A6600BD7869 /* Default-Portrait.png */,
				64492B841553085000BD7869 /* Default.png */,
			);
			name = splash;
			sourceTree = "<group>";
		};
		64492B8C1553085000BD7869 /* Classes */ = {
			isa = PBXGroup;
			children = (
				64492BB91553091800BD7869 /* TouraAppDelegate.h */,
				64492BBA1553091800BD7869 /* TouraAppDelegate.m */,
				64492B901553085000BD7869 /* MainViewController.h */,
				64492B911553085000BD7869 /* MainViewController.m */,
			);
			name = Classes;
			sourceTree = "<group>";
		};
		64492B951553085000BD7869 /* Plugins */ = {
			isa = PBXGroup;
			children = (
				64492BA71553090000BD7869 /* ChildBrowser.bundle */,
				64492BA81553090000BD7869 /* ChildBrowserCommand.h */,
				64492BA91553090000BD7869 /* ChildBrowserCommand.m */,
				64492BAA1553090000BD7869 /* ChildBrowserViewController.h */,
				64492BAB1553090000BD7869 /* ChildBrowserViewController.m */,
				64492BAC1553090000BD7869 /* ChildBrowserViewController.xib */,
				64492BAD1553090000BD7869 /* index.html */,
				64492BAE1553090000BD7869 /* push */,
				64492BB11553090000BD7869 /* README.ChildBrowser.md */,
				64492B961553085000BD7869 /* README */,
			);
			name = Plugins;
			sourceTree = "<group>";
		};
		64492BAE1553090000BD7869 /* push */ = {
			isa = PBXGroup;
			children = (
				64492BAF1553090000BD7869 /* PushNotification.h */,
				64492BB01553090000BD7869 /* PushNotification.m */,
			);
			name = push;
			path = Plugins/push;
			sourceTree = "<group>";
		};
/* End PBXGroup section */

/* Begin PBXNativeTarget section */
		64492B411553084F00BD7869 /* Toura-iPad */ = {
			isa = PBXNativeTarget;
			buildConfigurationList = 64492B9B1553085000BD7869 /* Build configuration list for PBXNativeTarget "Toura-iPad" */;
			buildPhases = (
				64492B3B1553084F00BD7869 /* Sources */,
				64492B3C1553084F00BD7869 /* Frameworks */,
				64492B3D1553084F00BD7869 /* Resources */,
				64492B3E1553084F00BD7869 /* Sources */,
				64492B3F1553084F00BD7869 /* Frameworks */,
				64492B401553084F00BD7869 /* ShellScript */,
			);
			buildRules = (
			);
			dependencies = (
			);
			name = "Toura-iPad";
			productName = "Toura-iPad";
			productReference = 64492B421553084F00BD7869 /* Toura-iPad.app */;
			productType = "com.apple.product-type.application";
		};
/* End PBXNativeTarget section */

/* Begin PBXProject section */
		64492B361553084F00BD7869 /* Project object */ = {
			isa = PBXProject;
			attributes = {
				LastUpgradeCheck = 0430;
			};
			buildConfigurationList = 64492B391553084F00BD7869 /* Build configuration list for PBXProject "Toura-iPad" */;
			compatibilityVersion = "Xcode 3.2";
			developmentRegion = English;
			hasScannedForEncodings = 0;
			knownRegions = (
				en,
				es,
				de,
				se,
			);
			mainGroup = 64492B341553084F00BD7869;
			productRefGroup = 64492B431553084F00BD7869 /* Products */;
			projectDirPath = "";
			projectRoot = "";
			targets = (
				64492B411553084F00BD7869 /* Toura-iPad */,
			);
		};
/* End PBXProject section */

/* Begin PBXResourcesBuildPhase section */
		64492B3D1553084F00BD7869 /* Resources */ = {
			isa = PBXResourcesBuildPhase;
			buildActionMask = 2147483647;
			files = (
				64492B651553084F00BD7869 /* InfoPlist.strings in Resources */,
				64492B6F1553084F00BD7869 /* Localizable.strings in Resources */,
				64492B731553084F00BD7869 /* Localizable.strings in Resources */,
				64492B771553084F00BD7869 /* Localizable.strings in Resources */,
				64492B7B1553084F00BD7869 /* Localizable.strings in Resources */,
				64492B7E1553084F00BD7869 /* icon.png in Resources */,
				64492B821553084F00BD7869 /* icon-72.png in Resources */,
				64492B851553085000BD7869 /* Default.png in Resources */,
				64492B891553085000BD7869 /* Capture.bundle in Resources */,
				64492B8B1553085000BD7869 /* Cordova.plist in Resources */,
				64492B941553085000BD7869 /* MainViewController.xib in Resources */,
				64492B981553085000BD7869 /* verify.sh in Resources */,
				64492BB21553090000BD7869 /* ChildBrowser.bundle in Resources */,
				64492BB51553090000BD7869 /* ChildBrowserViewController.xib in Resources */,
				64492BB61553090000BD7869 /* index.html in Resources */,
				64492BB81553090000BD7869 /* README.ChildBrowser.md in Resources */,
				64492BBD1553096800BD7869 /* UrbanAirship.plist in Resources */,
				64492BBF1553098E00BD7869 /* www in Resources */,
				64492BC215530A6600BD7869 /* Default-Landscape.png in Resources */,
				64492BC315530A6600BD7869 /* Default-Portrait.png in Resources */,
			);
			runOnlyForDeploymentPostprocessing = 0;
		};
/* End PBXResourcesBuildPhase section */

/* Begin PBXShellScriptBuildPhase section */
		64492B401553084F00BD7869 /* ShellScript */ = {
			isa = PBXShellScriptBuildPhase;
			buildActionMask = 2147483647;
			files = (
			);
			inputPaths = (
			);
			outputPaths = (
			);
			runOnlyForDeploymentPostprocessing = 0;
			shellPath = /bin/bash;
			shellScript = "\n\t\t\t\t\t\t\t\tchmod 755 \"$PROJECT_DIR/Toura/verify.sh\"\n\t\t\t\t\t\t\t\t\"$PROJECT_DIR/Toura/verify.sh\"\n\t\t\t\t\t";
		};
/* End PBXShellScriptBuildPhase section */

/* Begin PBXSourcesBuildPhase section */
		64492B3B1553084F00BD7869 /* Sources */ = {
			isa = PBXSourcesBuildPhase;
			buildActionMask = 2147483647;
			files = (
				64492B671553084F00BD7869 /* main.m in Sources */,
				64492B921553085000BD7869 /* MainViewController.m in Sources */,
				64492BB31553090000BD7869 /* ChildBrowserCommand.m in Sources */,
				64492BB41553090000BD7869 /* ChildBrowserViewController.m in Sources */,
				64492BB71553090000BD7869 /* PushNotification.m in Sources */,
				64492BBB1553091800BD7869 /* TouraAppDelegate.m in Sources */,
			);
			runOnlyForDeploymentPostprocessing = 0;
		};
		64492B3E1553084F00BD7869 /* Sources */ = {
			isa = PBXSourcesBuildPhase;
			buildActionMask = 2147483647;
			files = (
			);
			runOnlyForDeploymentPostprocessing = 0;
		};
/* End PBXSourcesBuildPhase section */

/* Begin PBXVariantGroup section */
		64492B631553084F00BD7869 /* InfoPlist.strings */ = {
			isa = PBXVariantGroup;
			children = (
				64492B641553084F00BD7869 /* en */,
			);
			name = InfoPlist.strings;
			sourceTree = "<group>";
		};
		64492B6D1553084F00BD7869 /* Localizable.strings */ = {
			isa = PBXVariantGroup;
			children = (
				64492B6E1553084F00BD7869 /* en */,
			);
			name = Localizable.strings;
			sourceTree = "<group>";
		};
		64492B711553084F00BD7869 /* Localizable.strings */ = {
			isa = PBXVariantGroup;
			children = (
				64492B721553084F00BD7869 /* es */,
			);
			name = Localizable.strings;
			sourceTree = "<group>";
		};
		64492B751553084F00BD7869 /* Localizable.strings */ = {
			isa = PBXVariantGroup;
			children = (
				64492B761553084F00BD7869 /* de */,
			);
			name = Localizable.strings;
			sourceTree = "<group>";
		};
		64492B791553084F00BD7869 /* Localizable.strings */ = {
			isa = PBXVariantGroup;
			children = (
				64492B7A1553084F00BD7869 /* se */,
			);
			name = Localizable.strings;
			sourceTree = "<group>";
		};
/* End PBXVariantGroup section */

/* Begin XCBuildConfiguration section */
		64492B991553085000BD7869 /* Debug */ = {
			isa = XCBuildConfiguration;
			buildSettings = {
				ALWAYS_SEARCH_USER_PATHS = NO;
				ARCHS = (
					armv6,
					"$(ARCHS_STANDARD_32_BIT)",
				);
				"CODE_SIGN_IDENTITY[sdk=iphoneos*]" = "iPhone Developer";
				COPY_PHASE_STRIP = NO;
				GCC_C_LANGUAGE_STANDARD = gnu99;
				GCC_DYNAMIC_NO_PIC = NO;
				GCC_OPTIMIZATION_LEVEL = 0;
				GCC_PREPROCESSOR_DEFINITIONS = (
					"DEBUG=1",
					"$(inherited)",
				);
				GCC_SYMBOLS_PRIVATE_EXTERN = NO;
				GCC_VERSION = com.apple.compilers.llvm.clang.1_0;
				GCC_WARN_ABOUT_RETURN_TYPE = YES;
				GCC_WARN_UNINITIALIZED_AUTOS = YES;
				GCC_WARN_UNUSED_VARIABLE = YES;
				IPHONEOS_DEPLOYMENT_TARGET = 3.0;
				SDKROOT = iphoneos;
			};
			name = Debug;
		};
		64492B9A1553085000BD7869 /* Release */ = {
			isa = XCBuildConfiguration;
			buildSettings = {
				ALWAYS_SEARCH_USER_PATHS = NO;
				ARCHS = (
					armv6,
					"$(ARCHS_STANDARD_32_BIT)",
				);
				"CODE_SIGN_IDENTITY[sdk=iphoneos*]" = "iPhone Developer";
				COPY_PHASE_STRIP = YES;
				GCC_C_LANGUAGE_STANDARD = gnu99;
				GCC_VERSION = com.apple.compilers.llvm.clang.1_0;
				GCC_WARN_ABOUT_RETURN_TYPE = YES;
				GCC_WARN_UNINITIALIZED_AUTOS = YES;
				GCC_WARN_UNUSED_VARIABLE = YES;
				IPHONEOS_DEPLOYMENT_TARGET = 3.0;
				SDKROOT = iphoneos;
				VALIDATE_PRODUCT = YES;
			};
			name = Release;
		};
		64492B9C1553085000BD7869 /* Debug */ = {
			isa = XCBuildConfiguration;
			buildSettings = {
				ALWAYS_SEARCH_USER_PATHS = YES;
				COPY_PHASE_STRIP = NO;
				FRAMEWORK_SEARCH_PATHS = /Users/Shared/Cordova/Frameworks;
				GCC_DYNAMIC_NO_PIC = NO;
				GCC_PRECOMPILE_PREFIX_HEADER = YES;
				GCC_PREFIX_HEADER = "Toura/Toura-Prefix.pch";
				GCC_PREPROCESSOR_DEFINITIONS = (
					"DEBUG=1,",
					"CORDOVA_FRAMEWORK=1",
				);
				INFOPLIST_FILE = "Toura/Toura-Info.plist";
				IPHONEOS_DEPLOYMENT_TARGET = 4.0;
				OTHER_LDFLAGS = (
					"-weak_framework",
					UIKit,
					"-weak_framework",
					AVFoundation,
					"-weak_framework",
					CoreMedia,
					"-weak_library",
					/usr/lib/libSystem.B.dylib,
				);
				PRODUCT_NAME = "$(TARGET_NAME)";
				TARGETED_DEVICE_FAMILY = 2;
				WRAPPER_EXTENSION = app;
			};
			name = Debug;
		};
		64492B9D1553085000BD7869 /* Release */ = {
			isa = XCBuildConfiguration;
			buildSettings = {
				ALWAYS_SEARCH_USER_PATHS = YES;
				COPY_PHASE_STRIP = YES;
				DEBUG_INFORMATION_FORMAT = "dwarf-with-dsym";
				FRAMEWORK_SEARCH_PATHS = /Users/Shared/Cordova/Frameworks;
				GCC_PRECOMPILE_PREFIX_HEADER = YES;
				GCC_PREFIX_HEADER = "Toura/Toura-Prefix.pch";
				GCC_PREPROCESSOR_DEFINITIONS = (
					"NDEBUG=1,",
					"CORDOVA_FRAMEWORK=1",
				);
				INFOPLIST_FILE = "Toura/Toura-Info.plist";
				IPHONEOS_DEPLOYMENT_TARGET = 4.0;
				OTHER_LDFLAGS = (
					"-weak_framework",
					UIKit,
					"-weak_framework",
					AVFoundation,
					"-weak_framework",
					CoreMedia,
					"-weak_library",
					/usr/lib/libSystem.B.dylib,
				);
				PRODUCT_NAME = "$(TARGET_NAME)";
				TARGETED_DEVICE_FAMILY = 2;
				VALIDATE_PRODUCT = YES;
				WRAPPER_EXTENSION = app;
			};
			name = Release;
		};
/* End XCBuildConfiguration section */

/* Begin XCConfigurationList section */
		64492B391553084F00BD7869 /* Build configuration list for PBXProject "Toura-iPad" */ = {
			isa = XCConfigurationList;
			buildConfigurations = (
				64492B991553085000BD7869 /* Debug */,
				64492B9A1553085000BD7869 /* Release */,
			);
			defaultConfigurationIsVisible = 0;
			defaultConfigurationName = Release;
		};
		64492B9B1553085000BD7869 /* Build configuration list for PBXNativeTarget "Toura-iPad" */ = {
			isa = XCConfigurationList;
			buildConfigurations = (
				64492B9C1553085000BD7869 /* Debug */,
				64492B9D1553085000BD7869 /* Release */,
			);
			defaultConfigurationIsVisible = 0;
			defaultConfigurationName = Release;
		};
/* End XCConfigurationList section */
	};
	rootObject = 64492B361553084F00BD7869 /* Project object */;
}
